
Microsoft Visual Studio Solution File, Format Version 12.00
Project("{FAE04EC0-301F-11D3-BF4B-00C04F79EFBC}") = "SimpleRuleEngineExample", "SimpleRuleEngineExample\SimpleRuleEngineExample.csproj", "{D5BE71F6-8214-4AF3-A4A7-5310C64B0E8D}"
EndProject
Project("{FAE04EC0-301F-11D3-BF4B-00C04F79EFBC}") = "SimpleRulesEngineCore", "SimpleRulesEngineCore\SimpleRulesEngineCore.csproj", "{2E2ED8E0-1A6D-4AA4-B618-276A98947F27}"
EndProject
Global
	GlobalSection(SolutionConfigurationPlatforms) = preSolution
		Debug|Any CPU = Debug|Any CPU
		Release|Any CPU = Release|Any CPU
	EndGlobalSection
	GlobalSection(ProjectConfigurationPlatforms) = postSolution
		{D5BE71F6-8214-4AF3-A4A7-5310C64B0E8D}.Debug|Any CPU.ActiveCfg = Debug|Any CPU
		{D5BE71F6-8214-4AF3-A4A7-5310C64B0E8D}.Debug|Any CPU.Build.0 = Debug|Any CPU
		{D5BE71F6-8214-4AF3-A4A7-5310C64B0E8D}.Release|Any CPU.ActiveCfg = Release|Any CPU
		{D5BE71F6-8214-4AF3-A4A7-5310C64B0E8D}.Release|Any CPU.Build.0 = Release|Any CPU
		{2E2ED8E0-1A6D-4AA4-B618-276A98947F27}.Debug|Any CPU.ActiveCfg = Debug|Any CPU
		{2E2ED8E0-1A6D-4AA4-B618-276A98947F27}.Debug|Any CPU.Build.0 = Debug|Any CPU
		{2E2ED8E0-1A6D-4AA4-B618-276A98947F27}.Release|Any CPU.ActiveCfg = Release|Any CPU
		{2E2ED8E0-1A6D-4AA4-B618-276A98947F27}.Release|Any CPU.Build.0 = Release|Any CPU
	EndGlobalSection
EndGlobal
